
Microsoft Visual Studio Solution File, Format Version 12.00
# Visual Studio Version 17
VisualStudioVersion = 17.7.34003.232
MinimumVisualStudioVersion = 10.0.40219.1
Project("{FAE04EC0-301F-11D3-BF4B-00C04F79EFBC}") = "BeFree", "BeFree\BeFree.csproj", "{99F8C7AC-6890-41F9-8ED7-70B824028D86}"
EndProject
Global
	GlobalSection(SolutionConfigurationPlatforms) = preSolution
		Debug|Any CPU = Debug|Any CPU
		Release|Any CPU = Release|Any CPU
	EndGlobalSection
	GlobalSection(ProjectConfigurationPlatforms) = postSolution
		{99F8C7AC-6890-41F9-8ED7-70B824028D86}.Debug|Any CPU.ActiveCfg = Debug|Any CPU
		{99F8C7AC-6890-41F9-8ED7-70B824028D86}.Debug|Any CPU.Build.0 = Debug|Any CPU
		{99F8C7AC-6890-41F9-8ED7-70B824028D86}.Release|Any CPU.ActiveCfg = Release|Any CPU
		{99F8C7AC-6890-41F9-8ED7-70B824028D86}.Release|Any CPU.Build.0 = Release|Any CPU
	EndGlobalSection
	GlobalSection(SolutionProperties) = preSolution
		HideSolutionNode = FALSE
	EndGlobalSection
	GlobalSection(ExtensibilityGlobals) = postSolution
		SolutionGuid = {5A3A4A75-3D38-40E9-893A-B6546FD86F40}
	EndGlobalSection
EndGlobal
